// !$*UTF8*$!
{
	archiveVersion = 1;
	classes = {
	};
	objectVersion = 55;
	objects = {

/* Begin PBXBuildFile section */
		C37447F427098DD000921FC5 /* AppDelegate.swift in Sources */ = {isa = PBXBuildFile; fileRef = C37447F327098DD000921FC5 /* AppDelegate.swift */; };
		C37447F627098DD000921FC5 /* SceneDelegate.swift in Sources */ = {isa = PBXBuildFile; fileRef = C37447F527098DD000921FC5 /* SceneDelegate.swift */; };
		C37447F827098DD000921FC5 /* ViewController.swift in Sources */ = {isa = PBXBuildFile; fileRef = C37447F727098DD000921FC5 /* ViewController.swift */; };
		C37447FB27098DD000921FC5 /* Main.storyboard in Resources */ = {isa = PBXBuildFile; fileRef = C37447F927098DD000921FC5 /* Main.storyboard */; };
		C37447FD27098DD100921FC5 /* Assets.xcassets in Resources */ = {isa = PBXBuildFile; fileRef = C37447FC27098DD100921FC5 /* Assets.xcassets */; };
		C374480027098DD100921FC5 /* LaunchScreen.storyboard in Resources */ = {isa = PBXBuildFile; fileRef = C37447FE27098DD100921FC5 /* LaunchScreen.storyboard */; };
		C374480B27098DD200921FC5 /* iOSQuiz_ExamTests.swift in Sources */ = {isa = PBXBuildFile; fileRef = C374480A27098DD200921FC5 /* iOSQuiz_ExamTests.swift */; };
		C374481527098DD200921FC5 /* iOSQuiz_ExamUITests.swift in Sources */ = {isa = PBXBuildFile; fileRef = C374481427098DD200921FC5 /* iOSQuiz_ExamUITests.swift */; };
		C374481727098DD200921FC5 /* iOSQuiz_ExamUITestsLaunchTests.swift in Sources */ = {isa = PBXBuildFile; fileRef = C374481627098DD200921FC5 /* iOSQuiz_ExamUITestsLaunchTests.swift */; };
/* End PBXBuildFile section */

/* Begin PBXContainerItemProxy section */
		C374480727098DD200921FC5 /* PBXContainerItemProxy */ = {
			isa = PBXContainerItemProxy;
			containerPortal = C37447E827098DD000921FC5 /* Project object */;
			proxyType = 1;
			remoteGlobalIDString = C37447EF27098DD000921FC5;
			remoteInfo = iOSQuiz_Exam;
		};
		C374481127098DD200921FC5 /* PBXContainerItemProxy */ = {
			isa = PBXContainerItemProxy;
			containerPortal = C37447E827098DD000921FC5 /* Project object */;
			proxyType = 1;
			remoteGlobalIDString = C37447EF27098DD000921FC5;
			remoteInfo = iOSQuiz_Exam;
		};
/* End PBXContainerItemProxy section */

/* Begin PBXFileReference section */
		C37447F027098DD000921FC5 /* iOSQuiz_Exam.app */ = {isa = PBXFileReference; explicitFileType = wrapper.application; includeInIndex = 0; path = iOSQuiz_Exam.app; sourceTree = BUILT_PRODUCTS_DIR; };
		C37447F327098DD000921FC5 /* AppDelegate.swift */ = {isa = PBXFileReference; lastKnownFileType = sourcecode.swift; path = AppDelegate.swift; sourceTree = "<group>"; };
		C37447F527098DD000921FC5 /* SceneDelegate.swift */ = {isa = PBXFileReference; lastKnownFileType = sourcecode.swift; path = SceneDelegate.swift; sourceTree = "<group>"; };
		C37447F727098DD000921FC5 /* ViewController.swift */ = {isa = PBXFileReference; lastKnownFileType = sourcecode.swift; path = ViewController.swift; sourceTree = "<group>"; };
		C37447FA27098DD000921FC5 /* Base */ = {isa = PBXFileReference; lastKnownFileType = file.storyboard; name = Base; path = Base.lproj/Main.storyboard; sourceTree = "<group>"; };
		C37447FC27098DD100921FC5 /* Assets.xcassets */ = {isa = PBXFileReference; lastKnownFileType = folder.assetcatalog; path = Assets.xcassets; sourceTree = "<group>"; };
		C37447FF27098DD100921FC5 /* Base */ = {isa = PBXFileReference; lastKnownFileType = file.storyboard; name = Base; path = Base.lproj/LaunchScreen.storyboard; sourceTree = "<group>"; };
		C374480127098DD100921FC5 /* Info.plist */ = {isa = PBXFileReference; lastKnownFileType = text.plist.xml; path = Info.plist; sourceTree = "<group>"; };
		C374480627098DD200921FC5 /* iOSQuiz_ExamTests.xctest */ = {isa = PBXFileReference; explicitFileType = wrapper.cfbundle; includeInIndex = 0; path = iOSQuiz_ExamTests.xctest; sourceTree = BUILT_PRODUCTS_DIR; };
		C374480A27098DD200921FC5 /* iOSQuiz_ExamTests.swift */ = {isa = PBXFileReference; lastKnownFileType = sourcecode.swift; path = iOSQuiz_ExamTests.swift; sourceTree = "<group>"; };
		C374481027098DD200921FC5 /* iOSQuiz_ExamUITests.xctest */ = {isa = PBXFileReference; explicitFileType = wrapper.cfbundle; includeInIndex = 0; path = iOSQuiz_ExamUITests.xctest; sourceTree = BUILT_PRODUCTS_DIR; };
		C374481427098DD200921FC5 /* iOSQuiz_ExamUITests.swift */ = {isa = PBXFileReference; lastKnownFileType = sourcecode.swift; path = iOSQuiz_ExamUITests.swift; sourceTree = "<group>"; };
		C374481627098DD200921FC5 /* iOSQuiz_ExamUITestsLaunchTests.swift */ = {isa = PBXFileReference; lastKnownFileType = sourcecode.swift; path = iOSQuiz_ExamUITestsLaunchTests.swift; sourceTree = "<group>"; };
/* End PBXFileReference section */

/* Begin PBXFrameworksBuildPhase section */
		C37447ED27098DD000921FC5 /* Frameworks */ = {
			isa = PBXFrameworksBuildPhase;
			buildActionMask = 2147483647;
			files = (
			);
			runOnlyForDeploymentPostprocessing = 0;
		};
		C374480327098DD200921FC5 /* Frameworks */ = {
			isa = PBXFrameworksBuildPhase;
			buildActionMask = 2147483647;
			files = (
			);
			runOnlyForDeploymentPostprocessing = 0;
		};
		C374480D27098DD200921FC5 /* Frameworks */ = {
			isa = PBXFrameworksBuildPhase;
			buildActionMask = 2147483647;
			files = (
			);
			runOnlyForDeploymentPostprocessing = 0;
		};
/* End PBXFrameworksBuildPhase section */

/* Begin PBXGroup section */
		C37447E727098DD000921FC5 = {
			isa = PBXGroup;
			children = (
				C37447F227098DD000921FC5 /* iOSQuiz_Exam */,
				C374480927098DD200921FC5 /* iOSQuiz_ExamTests */,
				C374481327098DD200921FC5 /* iOSQuiz_ExamUITests */,
				C37447F127098DD000921FC5 /* Products */,
			);
			sourceTree = "<group>";
		};
		C37447F127098DD000921FC5 /* Products */ = {
			isa = PBXGroup;
			children = (
				C37447F027098DD000921FC5 /* iOSQuiz_Exam.app */,
				C374480627098DD200921FC5 /* iOSQuiz_ExamTests.xctest */,
				C374481027098DD200921FC5 /* iOSQuiz_ExamUITests.xctest */,
			);
			name = Products;
			sourceTree = "<group>";
		};
		C37447F227098DD000921FC5 /* iOSQuiz_Exam */ = {
			isa = PBXGroup;
			children = (
				C37447F327098DD000921FC5 /* AppDelegate.swift */,
				C37447F527098DD000921FC5 /* SceneDelegate.swift */,
				C37447F727098DD000921FC5 /* ViewController.swift */,
				C37447F927098DD000921FC5 /* Main.storyboard */,
				C37447FC27098DD100921FC5 /* Assets.xcassets */,
				C37447FE27098DD100921FC5 /* LaunchScreen.storyboard */,
				C374480127098DD100921FC5 /* Info.plist */,
			);
			path = iOSQuiz_Exam;
			sourceTree = "<group>";
		};
		C374480927098DD200921FC5 /* iOSQuiz_ExamTests */ = {
			isa = PBXGroup;
			children = (
				C374480A27098DD200921FC5 /* iOSQuiz_ExamTests.swift */,
			);
			path = iOSQuiz_ExamTests;
			sourceTree = "<group>";
		};
		C374481327098DD200921FC5 /* iOSQuiz_ExamUITests */ = {
			isa = PBXGroup;
			children = (
				C374481427098DD200921FC5 /* iOSQuiz_ExamUITests.swift */,
				C374481627098DD200921FC5 /* iOSQuiz_ExamUITestsLaunchTests.swift */,
			);
			path = iOSQuiz_ExamUITests;
			sourceTree = "<group>";
		};
/* End PBXGroup section */

/* Begin PBXNativeTarget section */
		C37447EF27098DD000921FC5 /* iOSQuiz_Exam */ = {
			isa = PBXNativeTarget;
			buildConfigurationList = C374481A27098DD200921FC5 /* Build configuration list for PBXNativeTarget "iOSQuiz_Exam" */;
			buildPhases = (
				C37447EC27098DD000921FC5 /* Sources */,
				C37447ED27098DD000921FC5 /* Frameworks */,
				C37447EE27098DD000921FC5 /* Resources */,
			);
			buildRules = (
			);
			dependencies = (
			);
			name = iOSQuiz_Exam;
			productName = iOSQuiz_Exam;
			productReference = C37447F027098DD000921FC5 /* iOSQuiz_Exam.app */;
			productType = "com.apple.product-type.application";
		};
		C374480527098DD200921FC5 /* iOSQuiz_ExamTests */ = {
			isa = PBXNativeTarget;
			buildConfigurationList = C374481D27098DD200921FC5 /* Build configuration list for PBXNativeTarget "iOSQuiz_ExamTests" */;
			buildPhases = (
				C374480227098DD200921FC5 /* Sources */,
				C374480327098DD200921FC5 /* Frameworks */,
				C374480427098DD200921FC5 /* Resources */,
			);
			buildRules = (
			);
			dependencies = (
				C374480827098DD200921FC5 /* PBXTargetDependency */,
			);
			name = iOSQuiz_ExamTests;
			productName = iOSQuiz_ExamTests;
			productReference = C374480627098DD200921FC5 /* iOSQuiz_ExamTests.xctest */;
			productType = "com.apple.product-type.bundle.unit-test";
		};
		C374480F27098DD200921FC5 /* iOSQuiz_ExamUITests */ = {
			isa = PBXNativeTarget;
			buildConfigurationList = C374482027098DD200921FC5 /* Build configuration list for PBXNativeTarget "iOSQuiz_ExamUITests" */;
			buildPhases = (
				C374480C27098DD200921FC5 /* Sources */,
				C374480D27098DD200921FC5 /* Frameworks */,
				C374480E27098DD200921FC5 /* Resources */,
			);
			buildRules = (
			);
			dependencies = (
				C374481227098DD200921FC5 /* PBXTargetDependency */,
			);
			name = iOSQuiz_ExamUITests;
			productName = iOSQuiz_ExamUITests;
			productReference = C374481027098DD200921FC5 /* iOSQuiz_ExamUITests.xctest */;
			productType = "com.apple.product-type.bundle.ui-testing";
		};
/* End PBXNativeTarget section */

/* Begin PBXProject section */
		C37447E827098DD000921FC5 /* Project object */ = {
			isa = PBXProject;
			attributes = {
				BuildIndependentTargetsInParallel = 1;
				LastSwiftUpdateCheck = 1300;
				LastUpgradeCheck = 1300;
				TargetAttributes = {
					C37447EF27098DD000921FC5 = {
						CreatedOnToolsVersion = 13.0;
					};
					C374480527098DD200921FC5 = {
						CreatedOnToolsVersion = 13.0;
						TestTargetID = C37447EF27098DD000921FC5;
					};
					C374480F27098DD200921FC5 = {
						CreatedOnToolsVersion = 13.0;
						TestTargetID = C37447EF27098DD000921FC5;
					};
				};
			};
			buildConfigurationList = C37447EB27098DD000921FC5 /* Build configuration list for PBXProject "iOSQuiz_Exam" */;
			compatibilityVersion = "Xcode 13.0";
			developmentRegion = en;
			hasScannedForEncodings = 0;
			knownRegions = (
				en,
				Base,
			);
			mainGroup = C37447E727098DD000921FC5;
			productRefGroup = C37447F127098DD000921FC5 /* Products */;
			projectDirPath = "";
			projectRoot = "";
			targets = (
				C37447EF27098DD000921FC5 /* iOSQuiz_Exam */,
				C374480527098DD200921FC5 /* iOSQuiz_ExamTests */,
				C374480F27098DD200921FC5 /* iOSQuiz_ExamUITests */,
			);
		};
/* End PBXProject section */

/* Begin PBXResourcesBuildPhase section */
		C37447EE27098DD000921FC5 /* Resources */ = {
			isa = PBXResourcesBuildPhase;
			buildActionMask = 2147483647;
			files = (
				C374480027098DD100921FC5 /* LaunchScreen.storyboard in Resources */,
				C37447FD27098DD100921FC5 /* Assets.xcassets in Resources */,
				C37447FB27098DD000921FC5 /* Main.storyboard in Resources */,
			);
			runOnlyForDeploymentPostprocessing = 0;
		};
		C374480427098DD200921FC5 /* Resources */ = {
			isa = PBXResourcesBuildPhase;
			buildActionMask = 2147483647;
			files = (
			);
			runOnlyForDeploymentPostprocessing = 0;
		};
		C374480E27098DD200921FC5 /* Resources */ = {
			isa = PBXResourcesBuildPhase;
			buildActionMask = 2147483647;
			files = (
			);
			runOnlyForDeploymentPostprocessing = 0;
		};
/* End PBXResourcesBuildPhase section */

/* Begin PBXSourcesBuildPhase section */
		C37447EC27098DD000921FC5 /* Sources */ = {
			isa = PBXSourcesBuildPhase;
			buildActionMask = 2147483647;
			files = (
				C37447F827098DD000921FC5 /* ViewController.swift in Sources */,
				C37447F427098DD000921FC5 /* AppDelegate.swift in Sources */,
				C37447F627098DD000921FC5 /* SceneDelegate.swift in Sources */,
			);
			runOnlyForDeploymentPostprocessing = 0;
		};
		C374480227098DD200921FC5 /* Sources */ = {
			isa = PBXSourcesBuildPhase;
			buildActionMask = 2147483647;
			files = (
				C374480B27098DD200921FC5 /* iOSQuiz_ExamTests.swift in Sources */,
			);
			runOnlyForDeploymentPostprocessing = 0;
		};
		C374480C27098DD200921FC5 /* Sources */ = {
			isa = PBXSourcesBuildPhase;
			buildActionMask = 2147483647;
			files = (
				C374481727098DD200921FC5 /* iOSQuiz_ExamUITestsLaunchTests.swift in Sources */,
				C374481527098DD200921FC5 /* iOSQuiz_ExamUITests.swift in Sources */,
			);
			runOnlyForDeploymentPostprocessing = 0;
		};
/* End PBXSourcesBuildPhase section */

/* Begin PBXTargetDependency section */
		C374480827098DD200921FC5 /* PBXTargetDependency */ = {
			isa = PBXTargetDependency;
			target = C37447EF27098DD000921FC5 /* iOSQuiz_Exam */;
			targetProxy = C374480727098DD200921FC5 /* PBXContainerItemProxy */;
		};
		C374481227098DD200921FC5 /* PBXTargetDependency */ = {
			isa = PBXTargetDependency;
			target = C37447EF27098DD000921FC5 /* iOSQuiz_Exam */;
			targetProxy = C374481127098DD200921FC5 /* PBXContainerItemProxy */;
		};
/* End PBXTargetDependency section */

/* Begin PBXVariantGroup section */
		C37447F927098DD000921FC5 /* Main.storyboard */ = {
			isa = PBXVariantGroup;
			children = (
				C37447FA27098DD000921FC5 /* Base */,
			);
			name = Main.storyboard;
			sourceTree = "<group>";
		};
		C37447FE27098DD100921FC5 /* LaunchScreen.storyboard */ = {
			isa = PBXVariantGroup;
			children = (
				C37447FF27098DD100921FC5 /* Base */,
			);
			name = LaunchScreen.storyboard;
			sourceTree = "<group>";
		};
/* End PBXVariantGroup section */

/* Begin XCBuildConfiguration section */
		C374481827098DD200921FC5 /* Debug */ = {
			isa = XCBuildConfiguration;
			buildSettings = {
				ALWAYS_SEARCH_USER_PATHS = NO;
				CLANG_ANALYZER_NONNULL = YES;
				CLANG_ANALYZER_NUMBER_OBJECT_CONVERSION = YES_AGGRESSIVE;
				CLANG_CXX_LANGUAGE_STANDARD = "gnu++17";
				CLANG_CXX_LIBRARY = "libc++";
				CLANG_ENABLE_MODULES = YES;
				CLANG_ENABLE_OBJC_ARC = YES;
				CLANG_ENABLE_OBJC_WEAK = YES;
				CLANG_WARN_BLOCK_CAPTURE_AUTORELEASING = YES;
				CLANG_WARN_BOOL_CONVERSION = YES;
				CLANG_WARN_COMMA = YES;
				CLANG_WARN_CONSTANT_CONVERSION = YES;
				CLANG_WARN_DEPRECATED_OBJC_IMPLEMENTATIONS = YES;
				CLANG_WARN_DIRECT_OBJC_ISA_USAGE = YES_ERROR;
				CLANG_WARN_DOCUMENTATION_COMMENTS = YES;
				CLANG_WARN_EMPTY_BODY = YES;
				CLANG_WARN_ENUM_CONVERSION = YES;
				CLANG_WARN_INFINITE_RECURSION = YES;
				CLANG_WARN_INT_CONVERSION = YES;
				CLANG_WARN_NON_LITERAL_NULL_CONVERSION = YES;
				CLANG_WARN_OBJC_IMPLICIT_RETAIN_SELF = YES;
				CLANG_WARN_OBJC_LITERAL_CONVERSION = YES;
				CLANG_WARN_OBJC_ROOT_CLASS = YES_ERROR;
				CLANG_WARN_QUOTED_INCLUDE_IN_FRAMEWORK_HEADER = YES;
				CLANG_WARN_RANGE_LOOP_ANALYSIS = YES;
				CLANG_WARN_STRICT_PROTOTYPES = YES;
				CLANG_WARN_SUSPICIOUS_MOVE = YES;
				CLANG_WARN_UNGUARDED_AVAILABILITY = YES_AGGRESSIVE;
				CLANG_WARN_UNREACHABLE_CODE = YES;
				CLANG_WARN__DUPLICATE_METHOD_MATCH = YES;
				COPY_PHASE_STRIP = NO;
				DEBUG_INFORMATION_FORMAT = dwarf;
				ENABLE_STRICT_OBJC_MSGSEND = YES;
				ENABLE_TESTABILITY = YES;
				GCC_C_LANGUAGE_STANDARD = gnu11;
				GCC_DYNAMIC_NO_PIC = NO;
				GCC_NO_COMMON_BLOCKS = YES;
				GCC_OPTIMIZATION_LEVEL = 0;
				GCC_PREPROCESSOR_DEFINITIONS = (
					"DEBUG=1",
					"$(inherited)",
				);
				GCC_WARN_64_TO_32_BIT_CONVERSION = YES;
				GCC_WARN_ABOUT_RETURN_TYPE = YES_ERROR;
				GCC_WARN_UNDECLARED_SELECTOR = YES;
				GCC_WARN_UNINITIALIZED_AUTOS = YES_AGGRESSIVE;
				GCC_WARN_UNUSED_FUNCTION = YES;
				GCC_WARN_UNUSED_VARIABLE = YES;
				IPHONEOS_DEPLOYMENT_TARGET = 15.0;
				MTL_ENABLE_DEBUG_INFO = INCLUDE_SOURCE;
				MTL_FAST_MATH = YES;
				ONLY_ACTIVE_ARCH = YES;
				SDKROOT = iphoneos;
				SWIFT_ACTIVE_COMPILATION_CONDITIONS = DEBUG;
				SWIFT_OPTIMIZATION_LEVEL = "-Onone";
			};
			name = Debug;
		};
		C374481927098DD200921FC5 /* Release */ = {
			isa = XCBuildConfiguration;
			buildSettings = {
				ALWAYS_SEARCH_USER_PATHS = NO;
				CLANG_ANALYZER_NONNULL = YES;
				CLANG_ANALYZER_NUMBER_OBJECT_CONVERSION = YES_AGGRESSIVE;
				CLANG_CXX_LANGUAGE_STANDARD = "gnu++17";
				CLANG_CXX_LIBRARY = "libc++";
				CLANG_ENABLE_MODULES = YES;
				CLANG_ENABLE_OBJC_ARC = YES;
				CLANG_ENABLE_OBJC_WEAK = YES;
				CLANG_WARN_BLOCK_CAPTURE_AUTORELEASING = YES;
				CLANG_WARN_BOOL_CONVERSION = YES;
				CLANG_WARN_COMMA = YES;
				CLANG_WARN_CONSTANT_CONVERSION = YES;
				CLANG_WARN_DEPRECATED_OBJC_IMPLEMENTATIONS = YES;
				CLANG_WARN_DIRECT_OBJC_ISA_USAGE = YES_ERROR;
				CLANG_WARN_DOCUMENTATION_COMMENTS = YES;
				CLANG_WARN_EMPTY_BODY = YES;
				CLANG_WARN_ENUM_CONVERSION = YES;
				CLANG_WARN_INFINITE_RECURSION = YES;
				CLANG_WARN_INT_CONVERSION = YES;
				CLANG_WARN_NON_LITERAL_NULL_CONVERSION = YES;
				CLANG_WARN_OBJC_IMPLICIT_RETAIN_SELF = YES;
				CLANG_WARN_OBJC_LITERAL_CONVERSION = YES;
				CLANG_WARN_OBJC_ROOT_CLASS = YES_ERROR;
				CLANG_WARN_QUOTED_INCLUDE_IN_FRAMEWORK_HEADER = YES;
				CLANG_WARN_RANGE_LOOP_ANALYSIS = YES;
				CLANG_WARN_STRICT_PROTOTYPES = YES;
				CLANG_WARN_SUSPICIOUS_MOVE = YES;
				CLANG_WARN_UNGUARDED_AVAILABILITY = YES_AGGRESSIVE;
				CLANG_WARN_UNREACHABLE_CODE = YES;
				CLANG_WARN__DUPLICATE_METHOD_MATCH = YES;
				COPY_PHASE_STRIP = NO;
				DEBUG_INFORMATION_FORMAT = "dwarf-with-dsym";
				ENABLE_NS_ASSERTIONS = NO;
				ENABLE_STRICT_OBJC_MSGSEND = YES;
				GCC_C_LANGUAGE_STANDARD = gnu11;
				GCC_NO_COMMON_BLOCKS = YES;
				GCC_WARN_64_TO_32_BIT_CONVERSION = YES;
				GCC_WARN_ABOUT_RETURN_TYPE = YES_ERROR;
				GCC_WARN_UNDECLARED_SELECTOR = YES;
				GCC_WARN_UNINITIALIZED_AUTOS = YES_AGGRESSIVE;
				GCC_WARN_UNUSED_FUNCTION = YES;
				GCC_WARN_UNUSED_VARIABLE = YES;
				IPHONEOS_DEPLOYMENT_TARGET = 15.0;
				MTL_ENABLE_DEBUG_INFO = NO;
				MTL_FAST_MATH = YES;
				SDKROOT = iphoneos;
				SWIFT_COMPILATION_MODE = wholemodule;
				SWIFT_OPTIMIZATION_LEVEL = "-O";
				VALIDATE_PRODUCT = YES;
			};
			name = Release;
		};
		C374481B27098DD200921FC5 /* Debug */ = {
			isa = XCBuildConfiguration;
			buildSettings = {
				ASSETCATALOG_COMPILER_APPICON_NAME = AppIcon;
				ASSETCATALOG_COMPILER_GLOBAL_ACCENT_COLOR_NAME = AccentColor;
				CODE_SIGN_STYLE = Automatic;
				CURRENT_PROJECT_VERSION = 1;
				DEVELOPMENT_TEAM = 52M79BPJWC;
				GENERATE_INFOPLIST_FILE = YES;
				INFOPLIST_FILE = iOSQuiz_Exam/Info.plist;
				INFOPLIST_KEY_UIApplicationSupportsIndirectInputEvents = YES;
				INFOPLIST_KEY_UILaunchStoryboardName = LaunchScreen;
				INFOPLIST_KEY_UIMainStoryboardFile = Main;
				INFOPLIST_KEY_UISupportedInterfaceOrientations_iPad = "UIInterfaceOrientationPortrait UIInterfaceOrientationPortraitUpsideDown UIInterfaceOrientationLandscapeLeft UIInterfaceOrientationLandscapeRight";
				INFOPLIST_KEY_UISupportedInterfaceOrientations_iPhone = "UIInterfaceOrientationPortrait UIInterfaceOrientationLandscapeLeft UIInterfaceOrientationLandscapeRight";
				LD_RUNPATH_SEARCH_PATHS = (
					"$(inherited)",
					"@executable_path/Frameworks",
				);
				MARKETING_VERSION = 1.0;
				PRODUCT_BUNDLE_IDENTIFIER = "teamfour.iOSQuiz-Exam";
				PRODUCT_NAME = "$(TARGET_NAME)";
				SWIFT_EMIT_LOC_STRINGS = YES;
				SWIFT_VERSION = 5.0;
				TARGETED_DEVICE_FAMILY = "1,2";
			};
			name = Debug;
		};
		C374481C27098DD200921FC5 /* Release */ = {
			isa = XCBuildConfiguration;
			buildSettings = {
				ASSETCATALOG_COMPILER_APPICON_NAME = AppIcon;
				ASSETCATALOG_COMPILER_GLOBAL_ACCENT_COLOR_NAME = AccentColor;
				CODE_SIGN_STYLE = Automatic;
				CURRENT_PROJECT_VERSION = 1;
				DEVELOPMENT_TEAM = 52M79BPJWC;
				GENERATE_INFOPLIST_FILE = YES;
				INFOPLIST_FILE = iOSQuiz_Exam/Info.plist;
				INFOPLIST_KEY_UIApplicationSupportsIndirectInputEvents = YES;
				INFOPLIST_KEY_UILaunchStoryboardName = LaunchScreen;
				INFOPLIST_KEY_UIMainStoryboardFile = Main;
				INFOPLIST_KEY_UISupportedInterfaceOrientations_iPad = "UIInterfaceOrientationPortrait UIInterfaceOrientationPortraitUpsideDown UIInterfaceOrientationLandscapeLeft UIInterfaceOrientationLandscapeRight";
				INFOPLIST_KEY_UISupportedInterfaceOrientations_iPhone = "UIInterfaceOrientationPortrait UIInterfaceOrientationLandscapeLeft UIInterfaceOrientationLandscapeRight";
				LD_RUNPATH_SEARCH_PATHS = (
					"$(inherited)",
					"@executable_path/Frameworks",
				);
				MARKETING_VERSION = 1.0;
				PRODUCT_BUNDLE_IDENTIFIER = "teamfour.iOSQuiz-Exam";
				PRODUCT_NAME = "$(TARGET_NAME)";
				SWIFT_EMIT_LOC_STRINGS = YES;
				SWIFT_VERSION = 5.0;
				TARGETED_DEVICE_FAMILY = "1,2";
			};
			name = Release;
		};
		C374481E27098DD200921FC5 /* Debug */ = {
			isa = XCBuildConfiguration;
			buildSettings = {
				ALWAYS_EMBED_SWIFT_STANDARD_LIBRARIES = YES;
				BUNDLE_LOADER = "$(TEST_HOST)";
				CODE_SIGN_STYLE = Automatic;
				CURRENT_PROJECT_VERSION = 1;
				DEVELOPMENT_TEAM = 52M79BPJWC;
				GENERATE_INFOPLIST_FILE = YES;
				IPHONEOS_DEPLOYMENT_TARGET = 15.0;
				LD_RUNPATH_SEARCH_PATHS = (
					"$(inherited)",
					"@executable_path/Frameworks",
					"@loader_path/Frameworks",
				);
				MARKETING_VERSION = 1.0;
				PRODUCT_BUNDLE_IDENTIFIER = "teamfour.iOSQuiz-ExamTests";
				PRODUCT_NAME = "$(TARGET_NAME)";
				SWIFT_EMIT_LOC_STRINGS = NO;
				SWIFT_VERSION = 5.0;
				TARGETED_DEVICE_FAMILY = "1,2";
				TEST_HOST = "$(BUILT_PRODUCTS_DIR)/iOSQuiz_Exam.app/iOSQuiz_Exam";
			};
			name = Debug;
		};
		C374481F27098DD200921FC5 /* Release */ = {
			isa = XCBuildConfiguration;
			buildSettings = {
				ALWAYS_EMBED_SWIFT_STANDARD_LIBRARIES = YES;
				BUNDLE_LOADER = "$(TEST_HOST)";
				CODE_SIGN_STYLE = Automatic;
				CURRENT_PROJECT_VERSION = 1;
				DEVELOPMENT_TEAM = 52M79BPJWC;
				GENERATE_INFOPLIST_FILE = YES;
				IPHONEOS_DEPLOYMENT_TARGET = 15.0;
				LD_RUNPATH_SEARCH_PATHS = (
					"$(inherited)",
					"@executable_path/Frameworks",
					"@loader_path/Frameworks",
				);
				MARKETING_VERSION = 1.0;
				PRODUCT_BUNDLE_IDENTIFIER = "teamfour.iOSQuiz-ExamTests";
				PRODUCT_NAME = "$(TARGET_NAME)";
				SWIFT_EMIT_LOC_STRINGS = NO;
				SWIFT_VERSION = 5.0;
				TARGETED_DEVICE_FAMILY = "1,2";
				TEST_HOST = "$(BUILT_PRODUCTS_DIR)/iOSQuiz_Exam.app/iOSQuiz_Exam";
			};
			name = Release;
		};
		C374482127098DD200921FC5 /* Debug */ = {
			isa = XCBuildConfiguration;
			buildSettings = {
				ALWAYS_EMBED_SWIFT_STANDARD_LIBRARIES = YES;
				CODE_SIGN_STYLE = Automatic;
				CURRENT_PROJECT_VERSION = 1;
				DEVELOPMENT_TEAM = 52M79BPJWC;
				GENERATE_INFOPLIST_FILE = YES;
				LD_RUNPATH_SEARCH_PATHS = (
					"$(inherited)",
					"@executable_path/Frameworks",
					"@loader_path/Frameworks",
				);
				MARKETING_VERSION = 1.0;
				PRODUCT_BUNDLE_IDENTIFIER = "teamfour.iOSQuiz-ExamUITests";
				PRODUCT_NAME = "$(TARGET_NAME)";
				SWIFT_EMIT_LOC_STRINGS = NO;
				SWIFT_VERSION = 5.0;
				TARGETED_DEVICE_FAMILY = "1,2";
				TEST_TARGET_NAME = iOSQuiz_Exam;
			};
			name = Debug;
		};
		C374482227098DD200921FC5 /* Release */ = {
			isa = XCBuildConfiguration;
			buildSettings = {
				ALWAYS_EMBED_SWIFT_STANDARD_LIBRARIES = YES;
				CODE_SIGN_STYLE = Automatic;
				CURRENT_PROJECT_VERSION = 1;
				DEVELOPMENT_TEAM = 52M79BPJWC;
				GENERATE_INFOPLIST_FILE = YES;
				LD_RUNPATH_SEARCH_PATHS = (
					"$(inherited)",
					"@executable_path/Frameworks",
					"@loader_path/Frameworks",
				);
				MARKETING_VERSION = 1.0;
				PRODUCT_BUNDLE_IDENTIFIER = "teamfour.iOSQuiz-ExamUITests";
				PRODUCT_NAME = "$(TARGET_NAME)";
				SWIFT_EMIT_LOC_STRINGS = NO;
				SWIFT_VERSION = 5.0;
				TARGETED_DEVICE_FAMILY = "1,2";
				TEST_TARGET_NAME = iOSQuiz_Exam;
			};
			name = Release;
		};
/* End XCBuildConfiguration section */

/* Begin XCConfigurationList section */
		C37447EB27098DD000921FC5 /* Build configuration list for PBXProject "iOSQuiz_Exam" */ = {
			isa = XCConfigurationList;
			buildConfigurations = (
				C374481827098DD200921FC5 /* Debug */,
				C374481927098DD200921FC5 /* Release */,
			);
			defaultConfigurationIsVisible = 0;
			defaultConfigurationName = Release;
		};
		C374481A27098DD200921FC5 /* Build configuration list for PBXNativeTarget "iOSQuiz_Exam" */ = {
			isa = XCConfigurationList;
			buildConfigurations = (
				C374481B27098DD200921FC5 /* Debug */,
				C374481C27098DD200921FC5 /* Release */,
			);
			defaultConfigurationIsVisible = 0;
			defaultConfigurationName = Release;
		};
		C374481D27098DD200921FC5 /* Build configuration list for PBXNativeTarget "iOSQuiz_ExamTests" */ = {
			isa = XCConfigurationList;
			buildConfigurations = (
				C374481E27098DD200921FC5 /* Debug */,
				C374481F27098DD200921FC5 /* Release */,
			);
			defaultConfigurationIsVisible = 0;
			defaultConfigurationName = Release;
		};
		C374482027098DD200921FC5 /* Build configuration list for PBXNativeTarget "iOSQuiz_ExamUITests" */ = {
			isa = XCConfigurationList;
			buildConfigurations = (
				C374482127098DD200921FC5 /* Debug */,
				C374482227098DD200921FC5 /* Release */,
			);
			defaultConfigurationIsVisible = 0;
			defaultConfigurationName = Release;
		};
/* End XCConfigurationList section */
	};
	rootObject = C37447E827098DD000921FC5 /* Project object */;
}
