// !$*UTF8*$!
{
	archiveVersion = 1;
	classes = {
	};
	objectVersion = 55;
	objects = {

/* Begin PBXBuildFile section */
		C35B929F270DBB4900A929D0 /* AppDelegate.swift in Sources */ = {isa = PBXBuildFile; fileRef = C35B929E270DBB4900A929D0 /* AppDelegate.swift */; };
		C35B92A1270DBB4900A929D0 /* SceneDelegate.swift in Sources */ = {isa = PBXBuildFile; fileRef = C35B92A0270DBB4900A929D0 /* SceneDelegate.swift */; };
		C35B92A3270DBB4900A929D0 /* ViewController.swift in Sources */ = {isa = PBXBuildFile; fileRef = C35B92A2270DBB4900A929D0 /* ViewController.swift */; };
		C35B92A6270DBB4900A929D0 /* Main.storyboard in Resources */ = {isa = PBXBuildFile; fileRef = C35B92A4270DBB4900A929D0 /* Main.storyboard */; };
		C35B92A8270DBB4A00A929D0 /* Assets.xcassets in Resources */ = {isa = PBXBuildFile; fileRef = C35B92A7270DBB4A00A929D0 /* Assets.xcassets */; };
		C35B92AB270DBB4A00A929D0 /* LaunchScreen.storyboard in Resources */ = {isa = PBXBuildFile; fileRef = C35B92A9270DBB4A00A929D0 /* LaunchScreen.storyboard */; };
		C35B92B6270DBB4B00A929D0 /* BinaryCounterTests.swift in Sources */ = {isa = PBXBuildFile; fileRef = C35B92B5270DBB4B00A929D0 /* BinaryCounterTests.swift */; };
		C35B92C0270DBB4B00A929D0 /* BinaryCounterUITests.swift in Sources */ = {isa = PBXBuildFile; fileRef = C35B92BF270DBB4B00A929D0 /* BinaryCounterUITests.swift */; };
		C35B92C2270DBB4B00A929D0 /* BinaryCounterUITestsLaunchTests.swift in Sources */ = {isa = PBXBuildFile; fileRef = C35B92C1270DBB4B00A929D0 /* BinaryCounterUITestsLaunchTests.swift */; };
		C35B92CF270DC3B900A929D0 /* BinaryTableViewCell.swift in Sources */ = {isa = PBXBuildFile; fileRef = C35B92CE270DC3B900A929D0 /* BinaryTableViewCell.swift */; };
/* End PBXBuildFile section */

/* Begin PBXContainerItemProxy section */
		C35B92B2270DBB4B00A929D0 /* PBXContainerItemProxy */ = {
			isa = PBXContainerItemProxy;
			containerPortal = C35B9293270DBB4900A929D0 /* Project object */;
			proxyType = 1;
			remoteGlobalIDString = C35B929A270DBB4900A929D0;
			remoteInfo = BinaryCounter;
		};
		C35B92BC270DBB4B00A929D0 /* PBXContainerItemProxy */ = {
			isa = PBXContainerItemProxy;
			containerPortal = C35B9293270DBB4900A929D0 /* Project object */;
			proxyType = 1;
			remoteGlobalIDString = C35B929A270DBB4900A929D0;
			remoteInfo = BinaryCounter;
		};
/* End PBXContainerItemProxy section */

/* Begin PBXFileReference section */
		C35B929B270DBB4900A929D0 /* BinaryCounter.app */ = {isa = PBXFileReference; explicitFileType = wrapper.application; includeInIndex = 0; path = BinaryCounter.app; sourceTree = BUILT_PRODUCTS_DIR; };
		C35B929E270DBB4900A929D0 /* AppDelegate.swift */ = {isa = PBXFileReference; lastKnownFileType = sourcecode.swift; path = AppDelegate.swift; sourceTree = "<group>"; };
		C35B92A0270DBB4900A929D0 /* SceneDelegate.swift */ = {isa = PBXFileReference; lastKnownFileType = sourcecode.swift; path = SceneDelegate.swift; sourceTree = "<group>"; };
		C35B92A2270DBB4900A929D0 /* ViewController.swift */ = {isa = PBXFileReference; lastKnownFileType = sourcecode.swift; path = ViewController.swift; sourceTree = "<group>"; };
		C35B92A5270DBB4900A929D0 /* Base */ = {isa = PBXFileReference; lastKnownFileType = file.storyboard; name = Base; path = Base.lproj/Main.storyboard; sourceTree = "<group>"; };
		C35B92A7270DBB4A00A929D0 /* Assets.xcassets */ = {isa = PBXFileReference; lastKnownFileType = folder.assetcatalog; path = Assets.xcassets; sourceTree = "<group>"; };
		C35B92AA270DBB4A00A929D0 /* Base */ = {isa = PBXFileReference; lastKnownFileType = file.storyboard; name = Base; path = Base.lproj/LaunchScreen.storyboard; sourceTree = "<group>"; };
		C35B92AC270DBB4A00A929D0 /* Info.plist */ = {isa = PBXFileReference; lastKnownFileType = text.plist.xml; path = Info.plist; sourceTree = "<group>"; };
		C35B92B1270DBB4B00A929D0 /* BinaryCounterTests.xctest */ = {isa = PBXFileReference; explicitFileType = wrapper.cfbundle; includeInIndex = 0; path = BinaryCounterTests.xctest; sourceTree = BUILT_PRODUCTS_DIR; };
		C35B92B5270DBB4B00A929D0 /* BinaryCounterTests.swift */ = {isa = PBXFileReference; lastKnownFileType = sourcecode.swift; path = BinaryCounterTests.swift; sourceTree = "<group>"; };
		C35B92BB270DBB4B00A929D0 /* BinaryCounterUITests.xctest */ = {isa = PBXFileReference; explicitFileType = wrapper.cfbundle; includeInIndex = 0; path = BinaryCounterUITests.xctest; sourceTree = BUILT_PRODUCTS_DIR; };
		C35B92BF270DBB4B00A929D0 /* BinaryCounterUITests.swift */ = {isa = PBXFileReference; lastKnownFileType = sourcecode.swift; path = BinaryCounterUITests.swift; sourceTree = "<group>"; };
		C35B92C1270DBB4B00A929D0 /* BinaryCounterUITestsLaunchTests.swift */ = {isa = PBXFileReference; lastKnownFileType = sourcecode.swift; path = BinaryCounterUITestsLaunchTests.swift; sourceTree = "<group>"; };
		C35B92CE270DC3B900A929D0 /* BinaryTableViewCell.swift */ = {isa = PBXFileReference; lastKnownFileType = sourcecode.swift; path = BinaryTableViewCell.swift; sourceTree = "<group>"; };
/* End PBXFileReference section */

/* Begin PBXFrameworksBuildPhase section */
		C35B9298270DBB4900A929D0 /* Frameworks */ = {
			isa = PBXFrameworksBuildPhase;
			buildActionMask = 2147483647;
			files = (
			);
			runOnlyForDeploymentPostprocessing = 0;
		};
		C35B92AE270DBB4B00A929D0 /* Frameworks */ = {
			isa = PBXFrameworksBuildPhase;
			buildActionMask = 2147483647;
			files = (
			);
			runOnlyForDeploymentPostprocessing = 0;
		};
		C35B92B8270DBB4B00A929D0 /* Frameworks */ = {
			isa = PBXFrameworksBuildPhase;
			buildActionMask = 2147483647;
			files = (
			);
			runOnlyForDeploymentPostprocessing = 0;
		};
/* End PBXFrameworksBuildPhase section */

/* Begin PBXGroup section */
		C35B9292270DBB4900A929D0 = {
			isa = PBXGroup;
			children = (
				C35B929D270DBB4900A929D0 /* BinaryCounter */,
				C35B92B4270DBB4B00A929D0 /* BinaryCounterTests */,
				C35B92BE270DBB4B00A929D0 /* BinaryCounterUITests */,
				C35B929C270DBB4900A929D0 /* Products */,
			);
			sourceTree = "<group>";
		};
		C35B929C270DBB4900A929D0 /* Products */ = {
			isa = PBXGroup;
			children = (
				C35B929B270DBB4900A929D0 /* BinaryCounter.app */,
				C35B92B1270DBB4B00A929D0 /* BinaryCounterTests.xctest */,
				C35B92BB270DBB4B00A929D0 /* BinaryCounterUITests.xctest */,
			);
			name = Products;
			sourceTree = "<group>";
		};
		C35B929D270DBB4900A929D0 /* BinaryCounter */ = {
			isa = PBXGroup;
			children = (
				C35B929E270DBB4900A929D0 /* AppDelegate.swift */,
				C35B92A0270DBB4900A929D0 /* SceneDelegate.swift */,
				C35B92A2270DBB4900A929D0 /* ViewController.swift */,
				C35B92A4270DBB4900A929D0 /* Main.storyboard */,
				C35B92CE270DC3B900A929D0 /* BinaryTableViewCell.swift */,
				C35B92A7270DBB4A00A929D0 /* Assets.xcassets */,
				C35B92A9270DBB4A00A929D0 /* LaunchScreen.storyboard */,
				C35B92AC270DBB4A00A929D0 /* Info.plist */,
			);
			path = BinaryCounter;
			sourceTree = "<group>";
		};
		C35B92B4270DBB4B00A929D0 /* BinaryCounterTests */ = {
			isa = PBXGroup;
			children = (
				C35B92B5270DBB4B00A929D0 /* BinaryCounterTests.swift */,
			);
			path = BinaryCounterTests;
			sourceTree = "<group>";
		};
		C35B92BE270DBB4B00A929D0 /* BinaryCounterUITests */ = {
			isa = PBXGroup;
			children = (
				C35B92BF270DBB4B00A929D0 /* BinaryCounterUITests.swift */,
				C35B92C1270DBB4B00A929D0 /* BinaryCounterUITestsLaunchTests.swift */,
			);
			path = BinaryCounterUITests;
			sourceTree = "<group>";
		};
/* End PBXGroup section */

/* Begin PBXNativeTarget section */
		C35B929A270DBB4900A929D0 /* BinaryCounter */ = {
			isa = PBXNativeTarget;
			buildConfigurationList = C35B92C5270DBB4B00A929D0 /* Build configuration list for PBXNativeTarget "BinaryCounter" */;
			buildPhases = (
				C35B9297270DBB4900A929D0 /* Sources */,
				C35B9298270DBB4900A929D0 /* Frameworks */,
				C35B9299270DBB4900A929D0 /* Resources */,
			);
			buildRules = (
			);
			dependencies = (
			);
			name = BinaryCounter;
			productName = BinaryCounter;
			productReference = C35B929B270DBB4900A929D0 /* BinaryCounter.app */;
			productType = "com.apple.product-type.application";
		};
		C35B92B0270DBB4B00A929D0 /* BinaryCounterTests */ = {
			isa = PBXNativeTarget;
			buildConfigurationList = C35B92C8270DBB4B00A929D0 /* Build configuration list for PBXNativeTarget "BinaryCounterTests" */;
			buildPhases = (
				C35B92AD270DBB4B00A929D0 /* Sources */,
				C35B92AE270DBB4B00A929D0 /* Frameworks */,
				C35B92AF270DBB4B00A929D0 /* Resources */,
			);
			buildRules = (
			);
			dependencies = (
				C35B92B3270DBB4B00A929D0 /* PBXTargetDependency */,
			);
			name = BinaryCounterTests;
			productName = BinaryCounterTests;
			productReference = C35B92B1270DBB4B00A929D0 /* BinaryCounterTests.xctest */;
			productType = "com.apple.product-type.bundle.unit-test";
		};
		C35B92BA270DBB4B00A929D0 /* BinaryCounterUITests */ = {
			isa = PBXNativeTarget;
			buildConfigurationList = C35B92CB270DBB4B00A929D0 /* Build configuration list for PBXNativeTarget "BinaryCounterUITests" */;
			buildPhases = (
				C35B92B7270DBB4B00A929D0 /* Sources */,
				C35B92B8270DBB4B00A929D0 /* Frameworks */,
				C35B92B9270DBB4B00A929D0 /* Resources */,
			);
			buildRules = (
			);
			dependencies = (
				C35B92BD270DBB4B00A929D0 /* PBXTargetDependency */,
			);
			name = BinaryCounterUITests;
			productName = BinaryCounterUITests;
			productReference = C35B92BB270DBB4B00A929D0 /* BinaryCounterUITests.xctest */;
			productType = "com.apple.product-type.bundle.ui-testing";
		};
/* End PBXNativeTarget section */

/* Begin PBXProject section */
		C35B9293270DBB4900A929D0 /* Project object */ = {
			isa = PBXProject;
			attributes = {
				BuildIndependentTargetsInParallel = 1;
				LastSwiftUpdateCheck = 1300;
				LastUpgradeCheck = 1300;
				TargetAttributes = {
					C35B929A270DBB4900A929D0 = {
						CreatedOnToolsVersion = 13.0;
					};
					C35B92B0270DBB4B00A929D0 = {
						CreatedOnToolsVersion = 13.0;
						TestTargetID = C35B929A270DBB4900A929D0;
					};
					C35B92BA270DBB4B00A929D0 = {
						CreatedOnToolsVersion = 13.0;
						TestTargetID = C35B929A270DBB4900A929D0;
					};
				};
			};
			buildConfigurationList = C35B9296270DBB4900A929D0 /* Build configuration list for PBXProject "BinaryCounter" */;
			compatibilityVersion = "Xcode 13.0";
			developmentRegion = en;
			hasScannedForEncodings = 0;
			knownRegions = (
				en,
				Base,
			);
			mainGroup = C35B9292270DBB4900A929D0;
			productRefGroup = C35B929C270DBB4900A929D0 /* Products */;
			projectDirPath = "";
			projectRoot = "";
			targets = (
				C35B929A270DBB4900A929D0 /* BinaryCounter */,
				C35B92B0270DBB4B00A929D0 /* BinaryCounterTests */,
				C35B92BA270DBB4B00A929D0 /* BinaryCounterUITests */,
			);
		};
/* End PBXProject section */

/* Begin PBXResourcesBuildPhase section */
		C35B9299270DBB4900A929D0 /* Resources */ = {
			isa = PBXResourcesBuildPhase;
			buildActionMask = 2147483647;
			files = (
				C35B92AB270DBB4A00A929D0 /* LaunchScreen.storyboard in Resources */,
				C35B92A8270DBB4A00A929D0 /* Assets.xcassets in Resources */,
				C35B92A6270DBB4900A929D0 /* Main.storyboard in Resources */,
			);
			runOnlyForDeploymentPostprocessing = 0;
		};
		C35B92AF270DBB4B00A929D0 /* Resources */ = {
			isa = PBXResourcesBuildPhase;
			buildActionMask = 2147483647;
			files = (
			);
			runOnlyForDeploymentPostprocessing = 0;
		};
		C35B92B9270DBB4B00A929D0 /* Resources */ = {
			isa = PBXResourcesBuildPhase;
			buildActionMask = 2147483647;
			files = (
			);
			runOnlyForDeploymentPostprocessing = 0;
		};
/* End PBXResourcesBuildPhase section */

/* Begin PBXSourcesBuildPhase section */
		C35B9297270DBB4900A929D0 /* Sources */ = {
			isa = PBXSourcesBuildPhase;
			buildActionMask = 2147483647;
			files = (
				C35B92CF270DC3B900A929D0 /* BinaryTableViewCell.swift in Sources */,
				C35B92A3270DBB4900A929D0 /* ViewController.swift in Sources */,
				C35B929F270DBB4900A929D0 /* AppDelegate.swift in Sources */,
				C35B92A1270DBB4900A929D0 /* SceneDelegate.swift in Sources */,
			);
			runOnlyForDeploymentPostprocessing = 0;
		};
		C35B92AD270DBB4B00A929D0 /* Sources */ = {
			isa = PBXSourcesBuildPhase;
			buildActionMask = 2147483647;
			files = (
				C35B92B6270DBB4B00A929D0 /* BinaryCounterTests.swift in Sources */,
			);
			runOnlyForDeploymentPostprocessing = 0;
		};
		C35B92B7270DBB4B00A929D0 /* Sources */ = {
			isa = PBXSourcesBuildPhase;
			buildActionMask = 2147483647;
			files = (
				C35B92C2270DBB4B00A929D0 /* BinaryCounterUITestsLaunchTests.swift in Sources */,
				C35B92C0270DBB4B00A929D0 /* BinaryCounterUITests.swift in Sources */,
			);
			runOnlyForDeploymentPostprocessing = 0;
		};
/* End PBXSourcesBuildPhase section */

/* Begin PBXTargetDependency section */
		C35B92B3270DBB4B00A929D0 /* PBXTargetDependency */ = {
			isa = PBXTargetDependency;
			target = C35B929A270DBB4900A929D0 /* BinaryCounter */;
			targetProxy = C35B92B2270DBB4B00A929D0 /* PBXContainerItemProxy */;
		};
		C35B92BD270DBB4B00A929D0 /* PBXTargetDependency */ = {
			isa = PBXTargetDependency;
			target = C35B929A270DBB4900A929D0 /* BinaryCounter */;
			targetProxy = C35B92BC270DBB4B00A929D0 /* PBXContainerItemProxy */;
		};
/* End PBXTargetDependency section */

/* Begin PBXVariantGroup section */
		C35B92A4270DBB4900A929D0 /* Main.storyboard */ = {
			isa = PBXVariantGroup;
			children = (
				C35B92A5270DBB4900A929D0 /* Base */,
			);
			name = Main.storyboard;
			sourceTree = "<group>";
		};
		C35B92A9270DBB4A00A929D0 /* LaunchScreen.storyboard */ = {
			isa = PBXVariantGroup;
			children = (
				C35B92AA270DBB4A00A929D0 /* Base */,
			);
			name = LaunchScreen.storyboard;
			sourceTree = "<group>";
		};
/* End PBXVariantGroup section */

/* Begin XCBuildConfiguration section */
		C35B92C3270DBB4B00A929D0 /* Debug */ = {
			isa = XCBuildConfiguration;
			buildSettings = {
				ALWAYS_SEARCH_USER_PATHS = NO;
				CLANG_ANALYZER_NONNULL = YES;
				CLANG_ANALYZER_NUMBER_OBJECT_CONVERSION = YES_AGGRESSIVE;
				CLANG_CXX_LANGUAGE_STANDARD = "gnu++17";
				CLANG_CXX_LIBRARY = "libc++";
				CLANG_ENABLE_MODULES = YES;
				CLANG_ENABLE_OBJC_ARC = YES;
				CLANG_ENABLE_OBJC_WEAK = YES;
				CLANG_WARN_BLOCK_CAPTURE_AUTORELEASING = YES;
				CLANG_WARN_BOOL_CONVERSION = YES;
				CLANG_WARN_COMMA = YES;
				CLANG_WARN_CONSTANT_CONVERSION = YES;
				CLANG_WARN_DEPRECATED_OBJC_IMPLEMENTATIONS = YES;
				CLANG_WARN_DIRECT_OBJC_ISA_USAGE = YES_ERROR;
				CLANG_WARN_DOCUMENTATION_COMMENTS = YES;
				CLANG_WARN_EMPTY_BODY = YES;
				CLANG_WARN_ENUM_CONVERSION = YES;
				CLANG_WARN_INFINITE_RECURSION = YES;
				CLANG_WARN_INT_CONVERSION = YES;
				CLANG_WARN_NON_LITERAL_NULL_CONVERSION = YES;
				CLANG_WARN_OBJC_IMPLICIT_RETAIN_SELF = YES;
				CLANG_WARN_OBJC_LITERAL_CONVERSION = YES;
				CLANG_WARN_OBJC_ROOT_CLASS = YES_ERROR;
				CLANG_WARN_QUOTED_INCLUDE_IN_FRAMEWORK_HEADER = YES;
				CLANG_WARN_RANGE_LOOP_ANALYSIS = YES;
				CLANG_WARN_STRICT_PROTOTYPES = YES;
				CLANG_WARN_SUSPICIOUS_MOVE = YES;
				CLANG_WARN_UNGUARDED_AVAILABILITY = YES_AGGRESSIVE;
				CLANG_WARN_UNREACHABLE_CODE = YES;
				CLANG_WARN__DUPLICATE_METHOD_MATCH = YES;
				COPY_PHASE_STRIP = NO;
				DEBUG_INFORMATION_FORMAT = dwarf;
				ENABLE_STRICT_OBJC_MSGSEND = YES;
				ENABLE_TESTABILITY = YES;
				GCC_C_LANGUAGE_STANDARD = gnu11;
				GCC_DYNAMIC_NO_PIC = NO;
				GCC_NO_COMMON_BLOCKS = YES;
				GCC_OPTIMIZATION_LEVEL = 0;
				GCC_PREPROCESSOR_DEFINITIONS = (
					"DEBUG=1",
					"$(inherited)",
				);
				GCC_WARN_64_TO_32_BIT_CONVERSION = YES;
				GCC_WARN_ABOUT_RETURN_TYPE = YES_ERROR;
				GCC_WARN_UNDECLARED_SELECTOR = YES;
				GCC_WARN_UNINITIALIZED_AUTOS = YES_AGGRESSIVE;
				GCC_WARN_UNUSED_FUNCTION = YES;
				GCC_WARN_UNUSED_VARIABLE = YES;
				IPHONEOS_DEPLOYMENT_TARGET = 15.0;
				MTL_ENABLE_DEBUG_INFO = INCLUDE_SOURCE;
				MTL_FAST_MATH = YES;
				ONLY_ACTIVE_ARCH = YES;
				SDKROOT = iphoneos;
				SWIFT_ACTIVE_COMPILATION_CONDITIONS = DEBUG;
				SWIFT_OPTIMIZATION_LEVEL = "-Onone";
			};
			name = Debug;
		};
		C35B92C4270DBB4B00A929D0 /* Release */ = {
			isa = XCBuildConfiguration;
			buildSettings = {
				ALWAYS_SEARCH_USER_PATHS = NO;
				CLANG_ANALYZER_NONNULL = YES;
				CLANG_ANALYZER_NUMBER_OBJECT_CONVERSION = YES_AGGRESSIVE;
				CLANG_CXX_LANGUAGE_STANDARD = "gnu++17";
				CLANG_CXX_LIBRARY = "libc++";
				CLANG_ENABLE_MODULES = YES;
				CLANG_ENABLE_OBJC_ARC = YES;
				CLANG_ENABLE_OBJC_WEAK = YES;
				CLANG_WARN_BLOCK_CAPTURE_AUTORELEASING = YES;
				CLANG_WARN_BOOL_CONVERSION = YES;
				CLANG_WARN_COMMA = YES;
				CLANG_WARN_CONSTANT_CONVERSION = YES;
				CLANG_WARN_DEPRECATED_OBJC_IMPLEMENTATIONS = YES;
				CLANG_WARN_DIRECT_OBJC_ISA_USAGE = YES_ERROR;
				CLANG_WARN_DOCUMENTATION_COMMENTS = YES;
				CLANG_WARN_EMPTY_BODY = YES;
				CLANG_WARN_ENUM_CONVERSION = YES;
				CLANG_WARN_INFINITE_RECURSION = YES;
				CLANG_WARN_INT_CONVERSION = YES;
				CLANG_WARN_NON_LITERAL_NULL_CONVERSION = YES;
				CLANG_WARN_OBJC_IMPLICIT_RETAIN_SELF = YES;
				CLANG_WARN_OBJC_LITERAL_CONVERSION = YES;
				CLANG_WARN_OBJC_ROOT_CLASS = YES_ERROR;
				CLANG_WARN_QUOTED_INCLUDE_IN_FRAMEWORK_HEADER = YES;
				CLANG_WARN_RANGE_LOOP_ANALYSIS = YES;
				CLANG_WARN_STRICT_PROTOTYPES = YES;
				CLANG_WARN_SUSPICIOUS_MOVE = YES;
				CLANG_WARN_UNGUARDED_AVAILABILITY = YES_AGGRESSIVE;
				CLANG_WARN_UNREACHABLE_CODE = YES;
				CLANG_WARN__DUPLICATE_METHOD_MATCH = YES;
				COPY_PHASE_STRIP = NO;
				DEBUG_INFORMATION_FORMAT = "dwarf-with-dsym";
				ENABLE_NS_ASSERTIONS = NO;
				ENABLE_STRICT_OBJC_MSGSEND = YES;
				GCC_C_LANGUAGE_STANDARD = gnu11;
				GCC_NO_COMMON_BLOCKS = YES;
				GCC_WARN_64_TO_32_BIT_CONVERSION = YES;
				GCC_WARN_ABOUT_RETURN_TYPE = YES_ERROR;
				GCC_WARN_UNDECLARED_SELECTOR = YES;
				GCC_WARN_UNINITIALIZED_AUTOS = YES_AGGRESSIVE;
				GCC_WARN_UNUSED_FUNCTION = YES;
				GCC_WARN_UNUSED_VARIABLE = YES;
				IPHONEOS_DEPLOYMENT_TARGET = 15.0;
				MTL_ENABLE_DEBUG_INFO = NO;
				MTL_FAST_MATH = YES;
				SDKROOT = iphoneos;
				SWIFT_COMPILATION_MODE = wholemodule;
				SWIFT_OPTIMIZATION_LEVEL = "-O";
				VALIDATE_PRODUCT = YES;
			};
			name = Release;
		};
		C35B92C6270DBB4B00A929D0 /* Debug */ = {
			isa = XCBuildConfiguration;
			buildSettings = {
				ASSETCATALOG_COMPILER_APPICON_NAME = AppIcon;
				ASSETCATALOG_COMPILER_GLOBAL_ACCENT_COLOR_NAME = AccentColor;
				CODE_SIGN_STYLE = Automatic;
				CURRENT_PROJECT_VERSION = 1;
				DEVELOPMENT_TEAM = 52M79BPJWC;
				GENERATE_INFOPLIST_FILE = YES;
				INFOPLIST_FILE = BinaryCounter/Info.plist;
				INFOPLIST_KEY_UIApplicationSupportsIndirectInputEvents = YES;
				INFOPLIST_KEY_UILaunchStoryboardName = LaunchScreen;
				INFOPLIST_KEY_UIMainStoryboardFile = Main;
				INFOPLIST_KEY_UISupportedInterfaceOrientations_iPad = "UIInterfaceOrientationPortrait UIInterfaceOrientationPortraitUpsideDown UIInterfaceOrientationLandscapeLeft UIInterfaceOrientationLandscapeRight";
				INFOPLIST_KEY_UISupportedInterfaceOrientations_iPhone = "UIInterfaceOrientationPortrait UIInterfaceOrientationLandscapeLeft UIInterfaceOrientationLandscapeRight";
				LD_RUNPATH_SEARCH_PATHS = (
					"$(inherited)",
					"@executable_path/Frameworks",
				);
				MARKETING_VERSION = 1.0;
				PRODUCT_BUNDLE_IDENTIFIER = teamfour.BinaryCounter;
				PRODUCT_NAME = "$(TARGET_NAME)";
				SWIFT_EMIT_LOC_STRINGS = YES;
				SWIFT_VERSION = 5.0;
				TARGETED_DEVICE_FAMILY = "1,2";
			};
			name = Debug;
		};
		C35B92C7270DBB4B00A929D0 /* Release */ = {
			isa = XCBuildConfiguration;
			buildSettings = {
				ASSETCATALOG_COMPILER_APPICON_NAME = AppIcon;
				ASSETCATALOG_COMPILER_GLOBAL_ACCENT_COLOR_NAME = AccentColor;
				CODE_SIGN_STYLE = Automatic;
				CURRENT_PROJECT_VERSION = 1;
				DEVELOPMENT_TEAM = 52M79BPJWC;
				GENERATE_INFOPLIST_FILE = YES;
				INFOPLIST_FILE = BinaryCounter/Info.plist;
				INFOPLIST_KEY_UIApplicationSupportsIndirectInputEvents = YES;
				INFOPLIST_KEY_UILaunchStoryboardName = LaunchScreen;
				INFOPLIST_KEY_UIMainStoryboardFile = Main;
				INFOPLIST_KEY_UISupportedInterfaceOrientations_iPad = "UIInterfaceOrientationPortrait UIInterfaceOrientationPortraitUpsideDown UIInterfaceOrientationLandscapeLeft UIInterfaceOrientationLandscapeRight";
				INFOPLIST_KEY_UISupportedInterfaceOrientations_iPhone = "UIInterfaceOrientationPortrait UIInterfaceOrientationLandscapeLeft UIInterfaceOrientationLandscapeRight";
				LD_RUNPATH_SEARCH_PATHS = (
					"$(inherited)",
					"@executable_path/Frameworks",
				);
				MARKETING_VERSION = 1.0;
				PRODUCT_BUNDLE_IDENTIFIER = teamfour.BinaryCounter;
				PRODUCT_NAME = "$(TARGET_NAME)";
				SWIFT_EMIT_LOC_STRINGS = YES;
				SWIFT_VERSION = 5.0;
				TARGETED_DEVICE_FAMILY = "1,2";
			};
			name = Release;
		};
		C35B92C9270DBB4B00A929D0 /* Debug */ = {
			isa = XCBuildConfiguration;
			buildSettings = {
				ALWAYS_EMBED_SWIFT_STANDARD_LIBRARIES = YES;
				BUNDLE_LOADER = "$(TEST_HOST)";
				CODE_SIGN_STYLE = Automatic;
				CURRENT_PROJECT_VERSION = 1;
				DEVELOPMENT_TEAM = 52M79BPJWC;
				GENERATE_INFOPLIST_FILE = YES;
				IPHONEOS_DEPLOYMENT_TARGET = 15.0;
				LD_RUNPATH_SEARCH_PATHS = (
					"$(inherited)",
					"@executable_path/Frameworks",
					"@loader_path/Frameworks",
				);
				MARKETING_VERSION = 1.0;
				PRODUCT_BUNDLE_IDENTIFIER = teamfour.BinaryCounterTests;
				PRODUCT_NAME = "$(TARGET_NAME)";
				SWIFT_EMIT_LOC_STRINGS = NO;
				SWIFT_VERSION = 5.0;
				TARGETED_DEVICE_FAMILY = "1,2";
				TEST_HOST = "$(BUILT_PRODUCTS_DIR)/BinaryCounter.app/BinaryCounter";
			};
			name = Debug;
		};
		C35B92CA270DBB4B00A929D0 /* Release */ = {
			isa = XCBuildConfiguration;
			buildSettings = {
				ALWAYS_EMBED_SWIFT_STANDARD_LIBRARIES = YES;
				BUNDLE_LOADER = "$(TEST_HOST)";
				CODE_SIGN_STYLE = Automatic;
				CURRENT_PROJECT_VERSION = 1;
				DEVELOPMENT_TEAM = 52M79BPJWC;
				GENERATE_INFOPLIST_FILE = YES;
				IPHONEOS_DEPLOYMENT_TARGET = 15.0;
				LD_RUNPATH_SEARCH_PATHS = (
					"$(inherited)",
					"@executable_path/Frameworks",
					"@loader_path/Frameworks",
				);
				MARKETING_VERSION = 1.0;
				PRODUCT_BUNDLE_IDENTIFIER = teamfour.BinaryCounterTests;
				PRODUCT_NAME = "$(TARGET_NAME)";
				SWIFT_EMIT_LOC_STRINGS = NO;
				SWIFT_VERSION = 5.0;
				TARGETED_DEVICE_FAMILY = "1,2";
				TEST_HOST = "$(BUILT_PRODUCTS_DIR)/BinaryCounter.app/BinaryCounter";
			};
			name = Release;
		};
		C35B92CC270DBB4B00A929D0 /* Debug */ = {
			isa = XCBuildConfiguration;
			buildSettings = {
				ALWAYS_EMBED_SWIFT_STANDARD_LIBRARIES = YES;
				CODE_SIGN_STYLE = Automatic;
				CURRENT_PROJECT_VERSION = 1;
				DEVELOPMENT_TEAM = 52M79BPJWC;
				GENERATE_INFOPLIST_FILE = YES;
				LD_RUNPATH_SEARCH_PATHS = (
					"$(inherited)",
					"@executable_path/Frameworks",
					"@loader_path/Frameworks",
				);
				MARKETING_VERSION = 1.0;
				PRODUCT_BUNDLE_IDENTIFIER = teamfour.BinaryCounterUITests;
				PRODUCT_NAME = "$(TARGET_NAME)";
				SWIFT_EMIT_LOC_STRINGS = NO;
				SWIFT_VERSION = 5.0;
				TARGETED_DEVICE_FAMILY = "1,2";
				TEST_TARGET_NAME = BinaryCounter;
			};
			name = Debug;
		};
		C35B92CD270DBB4B00A929D0 /* Release */ = {
			isa = XCBuildConfiguration;
			buildSettings = {
				ALWAYS_EMBED_SWIFT_STANDARD_LIBRARIES = YES;
				CODE_SIGN_STYLE = Automatic;
				CURRENT_PROJECT_VERSION = 1;
				DEVELOPMENT_TEAM = 52M79BPJWC;
				GENERATE_INFOPLIST_FILE = YES;
				LD_RUNPATH_SEARCH_PATHS = (
					"$(inherited)",
					"@executable_path/Frameworks",
					"@loader_path/Frameworks",
				);
				MARKETING_VERSION = 1.0;
				PRODUCT_BUNDLE_IDENTIFIER = teamfour.BinaryCounterUITests;
				PRODUCT_NAME = "$(TARGET_NAME)";
				SWIFT_EMIT_LOC_STRINGS = NO;
				SWIFT_VERSION = 5.0;
				TARGETED_DEVICE_FAMILY = "1,2";
				TEST_TARGET_NAME = BinaryCounter;
			};
			name = Release;
		};
/* End XCBuildConfiguration section */

/* Begin XCConfigurationList section */
		C35B9296270DBB4900A929D0 /* Build configuration list for PBXProject "BinaryCounter" */ = {
			isa = XCConfigurationList;
			buildConfigurations = (
				C35B92C3270DBB4B00A929D0 /* Debug */,
				C35B92C4270DBB4B00A929D0 /* Release */,
			);
			defaultConfigurationIsVisible = 0;
			defaultConfigurationName = Release;
		};
		C35B92C5270DBB4B00A929D0 /* Build configuration list for PBXNativeTarget "BinaryCounter" */ = {
			isa = XCConfigurationList;
			buildConfigurations = (
				C35B92C6270DBB4B00A929D0 /* Debug */,
				C35B92C7270DBB4B00A929D0 /* Release */,
			);
			defaultConfigurationIsVisible = 0;
			defaultConfigurationName = Release;
		};
		C35B92C8270DBB4B00A929D0 /* Build configuration list for PBXNativeTarget "BinaryCounterTests" */ = {
			isa = XCConfigurationList;
			buildConfigurations = (
				C35B92C9270DBB4B00A929D0 /* Debug */,
				C35B92CA270DBB4B00A929D0 /* Release */,
			);
			defaultConfigurationIsVisible = 0;
			defaultConfigurationName = Release;
		};
		C35B92CB270DBB4B00A929D0 /* Build configuration list for PBXNativeTarget "BinaryCounterUITests" */ = {
			isa = XCConfigurationList;
			buildConfigurations = (
				C35B92CC270DBB4B00A929D0 /* Debug */,
				C35B92CD270DBB4B00A929D0 /* Release */,
			);
			defaultConfigurationIsVisible = 0;
			defaultConfigurationName = Release;
		};
/* End XCConfigurationList section */
	};
	rootObject = C35B9293270DBB4900A929D0 /* Project object */;
}
